
Microsoft Visual Studio Solution File, Format Version 12.00
# Visual Studio Version 16
VisualStudioVersion = 16.0.31005.135
MinimumVisualStudioVersion = 10.0.40219.1
Project("{FAE04EC0-301F-11D3-BF4B-00C04F79EFBC}") = "BHA_Randomizer_NET", "BHA_Randomizer_NET\BHA_Randomizer_NET.csproj", "{DD035AFC-94A5-467D-97BE-81F450842EFF}"
EndProject
Global
	GlobalSection(SolutionConfigurationPlatforms) = preSolution
		Debug|Any CPU = Debug|Any CPU
		Release|Any CPU = Release|Any CPU
	EndGlobalSection
	GlobalSection(ProjectConfigurationPlatforms) = postSolution
		{DD035AFC-94A5-467D-97BE-81F450842EFF}.Debug|Any CPU.ActiveCfg = Debug|Any CPU
		{DD035AFC-94A5-467D-97BE-81F450842EFF}.Debug|Any CPU.Build.0 = Debug|Any CPU
		{DD035AFC-94A5-467D-97BE-81F450842EFF}.Release|Any CPU.ActiveCfg = Release|Any CPU
		{DD035AFC-94A5-467D-97BE-81F450842EFF}.Release|Any CPU.Build.0 = Release|Any CPU
	EndGlobalSection
	GlobalSection(SolutionProperties) = preSolution
		HideSolutionNode = FALSE
	EndGlobalSection
	GlobalSection(ExtensibilityGlobals) = postSolution
		SolutionGuid = {ED014FD5-70D3-435C-A757-FAEBD3F81AB1}
	EndGlobalSection
EndGlobal
